
Microsoft Visual Studio Solution File, Format Version 12.00
# Visual Studio Version 16
VisualStudioVersion = 16.0.31729.503
MinimumVisualStudioVersion = 10.0.40219.1
Project("{9A19103F-16F7-4668-BE54-9A1E7A4F7556}") = "DataAccess", "DataAccess\DataAccess.csproj", "{01B11FC1-7404-44FD-800D-D8E60FAA4089}"
EndProject
Project("{9A19103F-16F7-4668-BE54-9A1E7A4F7556}") = "Business", "Business\Business.csproj", "{81B5A8E7-0997-4966-8C81-0B35C11B59A0}"
EndProject
Project("{9A19103F-16F7-4668-BE54-9A1E7A4F7556}") = "Entities", "Entities\Entities.csproj", "{7CC4EECC-8F77-4317-A67E-773D208B98D4}"
EndProject
Project("{9A19103F-16F7-4668-BE54-9A1E7A4F7556}") = "ConsoleUI", "ConsoleUI\ConsoleUI.csproj", "{E84D10EB-D733-402A-86D9-58911EF41365}"
EndProject
Project("{FAE04EC0-301F-11D3-BF4B-00C04F79EFBC}") = "Core", "Core\Core.csproj", "{639E2600-EBDA-45FF-B58B-64F8E0120B07}"
EndProject
Global
	GlobalSection(SolutionConfigurationPlatforms) = preSolution
		Debug|Any CPU = Debug|Any CPU
		Release|Any CPU = Release|Any CPU
	EndGlobalSection
	GlobalSection(ProjectConfigurationPlatforms) = postSolution
		{01B11FC1-7404-44FD-800D-D8E60FAA4089}.Debug|Any CPU.ActiveCfg = Debug|Any CPU
		{01B11FC1-7404-44FD-800D-D8E60FAA4089}.Debug|Any CPU.Build.0 = Debug|Any CPU
		{01B11FC1-7404-44FD-800D-D8E60FAA4089}.Release|Any CPU.ActiveCfg = Release|Any CPU
		{01B11FC1-7404-44FD-800D-D8E60FAA4089}.Release|Any CPU.Build.0 = Release|Any CPU
		{81B5A8E7-0997-4966-8C81-0B35C11B59A0}.Debug|Any CPU.ActiveCfg = Debug|Any CPU
		{81B5A8E7-0997-4966-8C81-0B35C11B59A0}.Debug|Any CPU.Build.0 = Debug|Any CPU
		{81B5A8E7-0997-4966-8C81-0B35C11B59A0}.Release|Any CPU.ActiveCfg = Release|Any CPU
		{81B5A8E7-0997-4966-8C81-0B35C11B59A0}.Release|Any CPU.Build.0 = Release|Any CPU
		{7CC4EECC-8F77-4317-A67E-773D208B98D4}.Debug|Any CPU.ActiveCfg = Debug|Any CPU
		{7CC4EECC-8F77-4317-A67E-773D208B98D4}.Debug|Any CPU.Build.0 = Debug|Any CPU
		{7CC4EECC-8F77-4317-A67E-773D208B98D4}.Release|Any CPU.ActiveCfg = Release|Any CPU
		{7CC4EECC-8F77-4317-A67E-773D208B98D4}.Release|Any CPU.Build.0 = Release|Any CPU
		{E84D10EB-D733-402A-86D9-58911EF41365}.Debug|Any CPU.ActiveCfg = Debug|Any CPU
		{E84D10EB-D733-402A-86D9-58911EF41365}.Debug|Any CPU.Build.0 = Debug|Any CPU
		{E84D10EB-D733-402A-86D9-58911EF41365}.Release|Any CPU.ActiveCfg = Release|Any CPU
		{E84D10EB-D733-402A-86D9-58911EF41365}.Release|Any CPU.Build.0 = Release|Any CPU
		{639E2600-EBDA-45FF-B58B-64F8E0120B07}.Debug|Any CPU.ActiveCfg = Debug|Any CPU
		{639E2600-EBDA-45FF-B58B-64F8E0120B07}.Debug|Any CPU.Build.0 = Debug|Any CPU
		{639E2600-EBDA-45FF-B58B-64F8E0120B07}.Release|Any CPU.ActiveCfg = Release|Any CPU
		{639E2600-EBDA-45FF-B58B-64F8E0120B07}.Release|Any CPU.Build.0 = Release|Any CPU
	EndGlobalSection
	GlobalSection(SolutionProperties) = preSolution
		HideSolutionNode = FALSE
	EndGlobalSection
	GlobalSection(ExtensibilityGlobals) = postSolution
		SolutionGuid = {02585AFB-87B7-4963-BDD7-813C1E2AC03D}
	EndGlobalSection
EndGlobal
